schema: '2.0'
stages:
  data_ingestion:
    cmd: python src/data_ingestion.py
    deps:
    - path: src/data_ingestion.py
      hash: md5
      md5: 6f057adbb94cd599e75b0af48d7f209a
      size: 4146
    params:
      params.yaml:
        data_ingestion.test_size: 0.35
    outs:
    - path: data/raw
      hash: md5
      md5: 757976709af5b8e1a7266c169aa0ba6e.dir
      size: 484846
      nfiles: 2
  data_preprocessing:
    cmd: python src/data_preprocessing.py
    deps:
    - path: data/raw
      hash: md5
      md5: 757976709af5b8e1a7266c169aa0ba6e.dir
      size: 484846
      nfiles: 2
    - path: src/data_preprocessing.py
      hash: md5
      md5: 071741d587ad46bc61dd64260c4dd601
      size: 4043
    outs:
    - path: data/interim
      hash: md5
      md5: b9f4f74b2f43532cf80427caa2a553ea.dir
      size: 263050
      nfiles: 2
  feature_engineering:
    cmd: python src/feature_engineering.py
    deps:
    - path: data/interim
      hash: md5
      md5: b9f4f74b2f43532cf80427caa2a553ea.dir
      size: 263050
      nfiles: 2
    - path: src/feature_engineering.py
      hash: md5
      md5: 7a07999c41c36844a78f0458e85afab2
      size: 3943
    params:
      params.yaml:
        feature_engineering.max_features: 40
    outs:
    - path: data/processed
      hash: md5
      md5: 3ce306c78cbe663082d03129d0fed681.dir
      size: 959531
      nfiles: 2
  model_training:
    cmd: python src/model_training.py
    deps:
    - path: data/processed
      hash: md5
      md5: 3ce306c78cbe663082d03129d0fed681.dir
      size: 959531
      nfiles: 2
    - path: src/model_training.py
      hash: md5
      md5: 54a41a2fa1fa232a8110ba2f28468b35
      size: 4511
    params:
      params.yaml:
        model_training.n_estimators: 15
        model_training.random_state: 42
    outs:
    - path: models/model.pkl
      hash: md5
      md5: 3b886f0875f3dfe17d0ef030eb4afdad
      size: 439481
  model_evaluation:
    cmd: python src/model_evaluation.py
    deps:
    - path: models/model.pkl
      hash: md5
      md5: 3b886f0875f3dfe17d0ef030eb4afdad
      size: 439481
    - path: src/model_evaluation.py
      hash: md5
      md5: c659faca16f1812aa82bb77423f63c52
      size: 4711
    outs:
    - path: reports/metrics.json
      hash: md5
      md5: 1c5f679c39fdc131d7e1d3d73a9bd11c
      size: 144
